
Microsoft Visual Studio Solution File, Format Version 12.00
# Visual Studio Version 17
VisualStudioVersion = 17.4.33205.214
MinimumVisualStudioVersion = 10.0.40219.1
Project("{FAE04EC0-301F-11D3-BF4B-00C04F79EFBC}") = "TestAws1", "TestAws1.csproj", "{01C8F585-774A-4174-ADCE-A7404A4448D0}"
EndProject
Global
	GlobalSection(SolutionConfigurationPlatforms) = preSolution
		Debug|Any CPU = Debug|Any CPU
		Release|Any CPU = Release|Any CPU
	EndGlobalSection
	GlobalSection(ProjectConfigurationPlatforms) = postSolution
		{01C8F585-774A-4174-ADCE-A7404A4448D0}.Debug|Any CPU.ActiveCfg = Debug|Any CPU
		{01C8F585-774A-4174-ADCE-A7404A4448D0}.Debug|Any CPU.Build.0 = Debug|Any CPU
		{01C8F585-774A-4174-ADCE-A7404A4448D0}.Release|Any CPU.ActiveCfg = Release|Any CPU
		{01C8F585-774A-4174-ADCE-A7404A4448D0}.Release|Any CPU.Build.0 = Release|Any CPU
	EndGlobalSection
	GlobalSection(SolutionProperties) = preSolution
		HideSolutionNode = FALSE
	EndGlobalSection
	GlobalSection(ExtensibilityGlobals) = postSolution
		SolutionGuid = {4AF62766-38A0-43D8-B428-4BD000E408C4}
	EndGlobalSection
EndGlobal
